
Microsoft Visual Studio Solution File, Format Version 12.00
# Visual Studio Version 17
VisualStudioVersion = 17.14.36429.23
MinimumVisualStudioVersion = 10.0.40219.1
Project("{FAE04EC0-301F-11D3-BF4B-00C04F79EFBC}") = "CollabNotes.Web", "CollabNotes.Web\CollabNotes.Web.csproj", "{69F2EE5C-AF4D-437F-95E9-A749480F6670}"
EndProject
Project("{FAE04EC0-301F-11D3-BF4B-00C04F79EFBC}") = "CollabNotes.Domain", "CollabNotes.Domain\CollabNotes.Domain.csproj", "{9E740A2E-E29F-4419-A903-9914168A09F5}"
EndProject
Project("{FAE04EC0-301F-11D3-BF4B-00C04F79EFBC}") = "CollabNotes.Application", "CollabNotes.Application\CollabNotes.Application.csproj", "{AA4842BC-D12E-41B0-9F7F-54947A3C1723}"
EndProject
Project("{FAE04EC0-301F-11D3-BF4B-00C04F79EFBC}") = "CollabNotes.Infrastructure", "CollabNotes.Infrastructure\CollabNotes.Infrastructure.csproj", "{08D5B502-4356-4C64-AB9C-2CB02F6DD5B5}"
EndProject
Global
	GlobalSection(SolutionConfigurationPlatforms) = preSolution
		Debug|Any CPU = Debug|Any CPU
		Debug|x64 = Debug|x64
		Debug|x86 = Debug|x86
		Release|Any CPU = Release|Any CPU
		Release|x64 = Release|x64
		Release|x86 = Release|x86
	EndGlobalSection
	GlobalSection(ProjectConfigurationPlatforms) = postSolution
		{69F2EE5C-AF4D-437F-95E9-A749480F6670}.Debug|Any CPU.ActiveCfg = Debug|Any CPU
		{69F2EE5C-AF4D-437F-95E9-A749480F6670}.Debug|Any CPU.Build.0 = Debug|Any CPU
		{69F2EE5C-AF4D-437F-95E9-A749480F6670}.Debug|x64.ActiveCfg = Debug|Any CPU
		{69F2EE5C-AF4D-437F-95E9-A749480F6670}.Debug|x64.Build.0 = Debug|Any CPU
		{69F2EE5C-AF4D-437F-95E9-A749480F6670}.Debug|x86.ActiveCfg = Debug|Any CPU
		{69F2EE5C-AF4D-437F-95E9-A749480F6670}.Debug|x86.Build.0 = Debug|Any CPU
		{69F2EE5C-AF4D-437F-95E9-A749480F6670}.Release|Any CPU.ActiveCfg = Release|Any CPU
		{69F2EE5C-AF4D-437F-95E9-A749480F6670}.Release|Any CPU.Build.0 = Release|Any CPU
		{69F2EE5C-AF4D-437F-95E9-A749480F6670}.Release|x64.ActiveCfg = Release|Any CPU
		{69F2EE5C-AF4D-437F-95E9-A749480F6670}.Release|x64.Build.0 = Release|Any CPU
		{69F2EE5C-AF4D-437F-95E9-A749480F6670}.Release|x86.ActiveCfg = Release|Any CPU
		{69F2EE5C-AF4D-437F-95E9-A749480F6670}.Release|x86.Build.0 = Release|Any CPU
		{9E740A2E-E29F-4419-A903-9914168A09F5}.Debug|Any CPU.ActiveCfg = Debug|Any CPU
		{9E740A2E-E29F-4419-A903-9914168A09F5}.Debug|Any CPU.Build.0 = Debug|Any CPU
		{9E740A2E-E29F-4419-A903-9914168A09F5}.Debug|x64.ActiveCfg = Debug|Any CPU
		{9E740A2E-E29F-4419-A903-9914168A09F5}.Debug|x64.Build.0 = Debug|Any CPU
		{9E740A2E-E29F-4419-A903-9914168A09F5}.Debug|x86.ActiveCfg = Debug|Any CPU
		{9E740A2E-E29F-4419-A903-9914168A09F5}.Debug|x86.Build.0 = Debug|Any CPU
		{9E740A2E-E29F-4419-A903-9914168A09F5}.Release|Any CPU.ActiveCfg = Release|Any CPU
		{9E740A2E-E29F-4419-A903-9914168A09F5}.Release|Any CPU.Build.0 = Release|Any CPU
		{9E740A2E-E29F-4419-A903-9914168A09F5}.Release|x64.ActiveCfg = Release|Any CPU
		{9E740A2E-E29F-4419-A903-9914168A09F5}.Release|x64.Build.0 = Release|Any CPU
		{9E740A2E-E29F-4419-A903-9914168A09F5}.Release|x86.ActiveCfg = Release|Any CPU
		{9E740A2E-E29F-4419-A903-9914168A09F5}.Release|x86.Build.0 = Release|Any CPU
		{AA4842BC-D12E-41B0-9F7F-54947A3C1723}.Debug|Any CPU.ActiveCfg = Debug|Any CPU
		{AA4842BC-D12E-41B0-9F7F-54947A3C1723}.Debug|Any CPU.Build.0 = Debug|Any CPU
		{AA4842BC-D12E-41B0-9F7F-54947A3C1723}.Debug|x64.ActiveCfg = Debug|Any CPU
		{AA4842BC-D12E-41B0-9F7F-54947A3C1723}.Debug|x64.Build.0 = Debug|Any CPU
		{AA4842BC-D12E-41B0-9F7F-54947A3C1723}.Debug|x86.ActiveCfg = Debug|Any CPU
		{AA4842BC-D12E-41B0-9F7F-54947A3C1723}.Debug|x86.Build.0 = Debug|Any CPU
		{AA4842BC-D12E-41B0-9F7F-54947A3C1723}.Release|Any CPU.ActiveCfg = Release|Any CPU
		{AA4842BC-D12E-41B0-9F7F-54947A3C1723}.Release|Any CPU.Build.0 = Release|Any CPU
		{AA4842BC-D12E-41B0-9F7F-54947A3C1723}.Release|x64.ActiveCfg = Release|Any CPU
		{AA4842BC-D12E-41B0-9F7F-54947A3C1723}.Release|x64.Build.0 = Release|Any CPU
		{AA4842BC-D12E-41B0-9F7F-54947A3C1723}.Release|x86.ActiveCfg = Release|Any CPU
		{AA4842BC-D12E-41B0-9F7F-54947A3C1723}.Release|x86.Build.0 = Release|Any CPU
		{08D5B502-4356-4C64-AB9C-2CB02F6DD5B5}.Debug|Any CPU.ActiveCfg = Debug|Any CPU
		{08D5B502-4356-4C64-AB9C-2CB02F6DD5B5}.Debug|Any CPU.Build.0 = Debug|Any CPU
		{08D5B502-4356-4C64-AB9C-2CB02F6DD5B5}.Debug|x64.ActiveCfg = Debug|Any CPU
		{08D5B502-4356-4C64-AB9C-2CB02F6DD5B5}.Debug|x64.Build.0 = Debug|Any CPU
		{08D5B502-4356-4C64-AB9C-2CB02F6DD5B5}.Debug|x86.ActiveCfg = Debug|Any CPU
		{08D5B502-4356-4C64-AB9C-2CB02F6DD5B5}.Debug|x86.Build.0 = Debug|Any CPU
		{08D5B502-4356-4C64-AB9C-2CB02F6DD5B5}.Release|Any CPU.ActiveCfg = Release|Any CPU
		{08D5B502-4356-4C64-AB9C-2CB02F6DD5B5}.Release|Any CPU.Build.0 = Release|Any CPU
		{08D5B502-4356-4C64-AB9C-2CB02F6DD5B5}.Release|x64.ActiveCfg = Release|Any CPU
		{08D5B502-4356-4C64-AB9C-2CB02F6DD5B5}.Release|x64.Build.0 = Release|Any CPU
		{08D5B502-4356-4C64-AB9C-2CB02F6DD5B5}.Release|x86.ActiveCfg = Release|Any CPU
		{08D5B502-4356-4C64-AB9C-2CB02F6DD5B5}.Release|x86.Build.0 = Release|Any CPU
	EndGlobalSection
	GlobalSection(SolutionProperties) = preSolution
		HideSolutionNode = FALSE
	EndGlobalSection
	GlobalSection(ExtensibilityGlobals) = postSolution
		SolutionGuid = {91C255BA-3D30-4710-9720-0F68DBD05DCE}
	EndGlobalSection
EndGlobal
